
Microsoft Visual Studio Solution File, Format Version 12.00
# Visual Studio Version 16
VisualStudioVersion = 16.0.29326.143
MinimumVisualStudioVersion = 10.0.40219.1
Project("{FAE04EC0-301F-11D3-BF4B-00C04F79EFBC}") = "TarangBot", "TarangBot.csproj", "{7070C5B8-26F3-4FD5-AD57-429F1C36EE36}"
EndProject
Global
	GlobalSection(SolutionConfigurationPlatforms) = preSolution
		Debug|Any CPU = Debug|Any CPU
		Release|Any CPU = Release|Any CPU
	EndGlobalSection
	GlobalSection(ProjectConfigurationPlatforms) = postSolution
		{7070C5B8-26F3-4FD5-AD57-429F1C36EE36}.Debug|Any CPU.ActiveCfg = Debug|Any CPU
		{7070C5B8-26F3-4FD5-AD57-429F1C36EE36}.Debug|Any CPU.Build.0 = Debug|Any CPU
		{7070C5B8-26F3-4FD5-AD57-429F1C36EE36}.Release|Any CPU.ActiveCfg = Release|Any CPU
		{7070C5B8-26F3-4FD5-AD57-429F1C36EE36}.Release|Any CPU.Build.0 = Release|Any CPU
	EndGlobalSection
	GlobalSection(SolutionProperties) = preSolution
		HideSolutionNode = FALSE
	EndGlobalSection
	GlobalSection(ExtensibilityGlobals) = postSolution
		SolutionGuid = {FD95D16F-8EB5-4F6C-92F9-28896C928AEC}
	EndGlobalSection
EndGlobal
